// !$*UTF8*$!
{
	archiveVersion = 1;
	classes = {
	};
	objectVersion = 56;
	objects = {

/* Begin PBXBuildFile section */
		3B31539B2A20F2480012851F /* SpeechRecognizer.swift in Sources */ = {isa = PBXBuildFile; fileRef = 3B31539A2A20F2480012851F /* SpeechRecognizer.swift */; };
		3B31539D2A20F6260012851F /* Recents.swift in Sources */ = {isa = PBXBuildFile; fileRef = 3B31539C2A20F6260012851F /* Recents.swift */; };
		3F820D162A1B9F20009A1E9E /* translateStudyApp.swift in Sources */ = {isa = PBXBuildFile; fileRef = 3F820D152A1B9F20009A1E9E /* translateStudyApp.swift */; };
		3F820D182A1B9F20009A1E9E /* ContentView.swift in Sources */ = {isa = PBXBuildFile; fileRef = 3F820D172A1B9F20009A1E9E /* ContentView.swift */; };
		3F820D1A2A1B9F21009A1E9E /* Assets.xcassets in Resources */ = {isa = PBXBuildFile; fileRef = 3F820D192A1B9F21009A1E9E /* Assets.xcassets */; };
		3F820D1D2A1B9F21009A1E9E /* Preview Assets.xcassets in Resources */ = {isa = PBXBuildFile; fileRef = 3F820D1C2A1B9F21009A1E9E /* Preview Assets.xcassets */; };
		3FEA4CD72A1FA25D001A9850 /* TabBarView.swift in Sources */ = {isa = PBXBuildFile; fileRef = 3FEA4CD62A1FA25D001A9850 /* TabBarView.swift */; };
		3FEA4CDB2A1FA3A2001A9850 /* CameraView.swift in Sources */ = {isa = PBXBuildFile; fileRef = 3FEA4CDA2A1FA3A2001A9850 /* CameraView.swift */; };
		3FEA4CDD2A1FA3B2001A9850 /* ConversationView.swift in Sources */ = {isa = PBXBuildFile; fileRef = 3FEA4CDC2A1FA3B2001A9850 /* ConversationView.swift */; };
		3FEA4CE02A1FA3CB001A9850 /* FavoritesView.swift in Sources */ = {isa = PBXBuildFile; fileRef = 3FEA4CDF2A1FA3CB001A9850 /* FavoritesView.swift */; };
		8925BE972A1CF11C00118B93 /* TranslationAPI.swift in Sources */ = {isa = PBXBuildFile; fileRef = 8925BE962A1CF11C00118B93 /* TranslationAPI.swift */; };
		8925BE992A1CF19D00118B93 /* TranslationManager.swift in Sources */ = {isa = PBXBuildFile; fileRef = 8925BE982A1CF19D00118B93 /* TranslationManager.swift */; };
		AE2FD2AC2A1E559C003E40B9 /* LanguagePickerView.swift in Sources */ = {isa = PBXBuildFile; fileRef = AE2FD2AB2A1E559C003E40B9 /* LanguagePickerView.swift */; };
/* End PBXBuildFile section */

/* Begin PBXFileReference section */
		3B31539A2A20F2480012851F /* SpeechRecognizer.swift */ = {isa = PBXFileReference; lastKnownFileType = sourcecode.swift; path = SpeechRecognizer.swift; sourceTree = "<group>"; };
		3B31539C2A20F6260012851F /* Recents.swift */ = {isa = PBXFileReference; lastKnownFileType = sourcecode.swift; path = Recents.swift; sourceTree = "<group>"; };
		3F820D122A1B9F20009A1E9E /* translateStudy.app */ = {isa = PBXFileReference; explicitFileType = wrapper.application; includeInIndex = 0; path = translateStudy.app; sourceTree = BUILT_PRODUCTS_DIR; };
		3F820D152A1B9F20009A1E9E /* translateStudyApp.swift */ = {isa = PBXFileReference; lastKnownFileType = sourcecode.swift; path = translateStudyApp.swift; sourceTree = "<group>"; };
		3F820D172A1B9F20009A1E9E /* ContentView.swift */ = {isa = PBXFileReference; lastKnownFileType = sourcecode.swift; path = ContentView.swift; sourceTree = "<group>"; };
		3F820D192A1B9F21009A1E9E /* Assets.xcassets */ = {isa = PBXFileReference; lastKnownFileType = folder.assetcatalog; path = Assets.xcassets; sourceTree = "<group>"; };
		3F820D1C2A1B9F21009A1E9E /* Preview Assets.xcassets */ = {isa = PBXFileReference; lastKnownFileType = folder.assetcatalog; path = "Preview Assets.xcassets"; sourceTree = "<group>"; };
		3FEA4CD62A1FA25D001A9850 /* TabBarView.swift */ = {isa = PBXFileReference; lastKnownFileType = sourcecode.swift; path = TabBarView.swift; sourceTree = "<group>"; };
		3FEA4CDA2A1FA3A2001A9850 /* CameraView.swift */ = {isa = PBXFileReference; lastKnownFileType = sourcecode.swift; path = CameraView.swift; sourceTree = "<group>"; };
		3FEA4CDC2A1FA3B2001A9850 /* ConversationView.swift */ = {isa = PBXFileReference; lastKnownFileType = sourcecode.swift; path = ConversationView.swift; sourceTree = "<group>"; };
		3FEA4CDF2A1FA3CB001A9850 /* FavoritesView.swift */ = {isa = PBXFileReference; lastKnownFileType = sourcecode.swift; path = FavoritesView.swift; sourceTree = "<group>"; };
		8925BE962A1CF11C00118B93 /* TranslationAPI.swift */ = {isa = PBXFileReference; lastKnownFileType = sourcecode.swift; path = TranslationAPI.swift; sourceTree = "<group>"; };
		8925BE982A1CF19D00118B93 /* TranslationManager.swift */ = {isa = PBXFileReference; lastKnownFileType = sourcecode.swift; path = TranslationManager.swift; sourceTree = "<group>"; };
		AE2FD2AB2A1E559C003E40B9 /* LanguagePickerView.swift */ = {isa = PBXFileReference; lastKnownFileType = sourcecode.swift; path = LanguagePickerView.swift; sourceTree = "<group>"; };
/* End PBXFileReference section */

/* Begin PBXFrameworksBuildPhase section */
		3F820D0F2A1B9F20009A1E9E /* Frameworks */ = {
			isa = PBXFrameworksBuildPhase;
			buildActionMask = 2147483647;
			files = (
			);
			runOnlyForDeploymentPostprocessing = 0;
		};
/* End PBXFrameworksBuildPhase section */

/* Begin PBXGroup section */
		3F820D092A1B9F20009A1E9E = {
			isa = PBXGroup;
			children = (
				3B31539C2A20F6260012851F /* Recents.swift */,
				3B31539A2A20F2480012851F /* SpeechRecognizer.swift */,
				3F820D142A1B9F20009A1E9E /* translateStudy */,
				3F820D132A1B9F20009A1E9E /* Products */,
			);
			sourceTree = "<group>";
		};
		3F820D132A1B9F20009A1E9E /* Products */ = {
			isa = PBXGroup;
			children = (
				3F820D122A1B9F20009A1E9E /* translateStudy.app */,
			);
			name = Products;
			sourceTree = "<group>";
		};
		3F820D142A1B9F20009A1E9E /* translateStudy */ = {
			isa = PBXGroup;
			children = (
				8925BE9A2A1D057D00118B93 /* TranslationAPI */,
				8925BE952A1CEDC300118B93 /* View */,
				3F820D152A1B9F20009A1E9E /* translateStudyApp.swift */,
				3F820D192A1B9F21009A1E9E /* Assets.xcassets */,
				3F820D1B2A1B9F21009A1E9E /* Preview Content */,
			);
			path = translateStudy;
			sourceTree = "<group>";
		};
		3F820D1B2A1B9F21009A1E9E /* Preview Content */ = {
			isa = PBXGroup;
			children = (
				3F820D1C2A1B9F21009A1E9E /* Preview Assets.xcassets */,
			);
			path = "Preview Content";
			sourceTree = "<group>";
		};
		8925BE952A1CEDC300118B93 /* View */ = {
			isa = PBXGroup;
			children = (
				3F820D172A1B9F20009A1E9E /* ContentView.swift */,
				AE2FD2AB2A1E559C003E40B9 /* LanguagePickerView.swift */,
				3FEA4CD62A1FA25D001A9850 /* TabBarView.swift */,
				3FEA4CDA2A1FA3A2001A9850 /* CameraView.swift */,
				3FEA4CDC2A1FA3B2001A9850 /* ConversationView.swift */,
				3FEA4CDF2A1FA3CB001A9850 /* FavoritesView.swift */,
			);
			path = View;
			sourceTree = "<group>";
		};
		8925BE9A2A1D057D00118B93 /* TranslationAPI */ = {
			isa = PBXGroup;
			children = (
				8925BE982A1CF19D00118B93 /* TranslationManager.swift */,
				8925BE962A1CF11C00118B93 /* TranslationAPI.swift */,
			);
			path = TranslationAPI;
			sourceTree = "<group>";
		};
/* End PBXGroup section */

/* Begin PBXNativeTarget section */
		3F820D112A1B9F20009A1E9E /* translateStudy */ = {
			isa = PBXNativeTarget;
			buildConfigurationList = 3F820D202A1B9F21009A1E9E /* Build configuration list for PBXNativeTarget "translateStudy" */;
			buildPhases = (
				3F820D0E2A1B9F20009A1E9E /* Sources */,
				3F820D0F2A1B9F20009A1E9E /* Frameworks */,
				3F820D102A1B9F20009A1E9E /* Resources */,
			);
			buildRules = (
			);
			dependencies = (
			);
			name = translateStudy;
			packageProductDependencies = (
			);
			productName = translateStudy;
			productReference = 3F820D122A1B9F20009A1E9E /* translateStudy.app */;
			productType = "com.apple.product-type.application";
		};
/* End PBXNativeTarget section */

/* Begin PBXProject section */
		3F820D0A2A1B9F20009A1E9E /* Project object */ = {
			isa = PBXProject;
			attributes = {
				BuildIndependentTargetsInParallel = 1;
				LastSwiftUpdateCheck = 1420;
				LastUpgradeCheck = 1420;
				TargetAttributes = {
					3F820D112A1B9F20009A1E9E = {
						CreatedOnToolsVersion = 14.2;
					};
				};
			};
			buildConfigurationList = 3F820D0D2A1B9F20009A1E9E /* Build configuration list for PBXProject "translateStudy" */;
			compatibilityVersion = "Xcode 14.0";
			developmentRegion = en;
			hasScannedForEncodings = 0;
			knownRegions = (
				en,
				Base,
			);
			mainGroup = 3F820D092A1B9F20009A1E9E;
			packageReferences = (
			);
			productRefGroup = 3F820D132A1B9F20009A1E9E /* Products */;
			projectDirPath = "";
			projectRoot = "";
			targets = (
				3F820D112A1B9F20009A1E9E /* translateStudy */,
			);
		};
/* End PBXProject section */

/* Begin PBXResourcesBuildPhase section */
		3F820D102A1B9F20009A1E9E /* Resources */ = {
			isa = PBXResourcesBuildPhase;
			buildActionMask = 2147483647;
			files = (
				3F820D1D2A1B9F21009A1E9E /* Preview Assets.xcassets in Resources */,
				3F820D1A2A1B9F21009A1E9E /* Assets.xcassets in Resources */,
			);
			runOnlyForDeploymentPostprocessing = 0;
		};
/* End PBXResourcesBuildPhase section */

/* Begin PBXSourcesBuildPhase section */
		3F820D0E2A1B9F20009A1E9E /* Sources */ = {
			isa = PBXSourcesBuildPhase;
			buildActionMask = 2147483647;
			files = (
				3FEA4CD72A1FA25D001A9850 /* TabBarView.swift in Sources */,
				3FEA4CDB2A1FA3A2001A9850 /* CameraView.swift in Sources */,
				3F820D182A1B9F20009A1E9E /* ContentView.swift in Sources */,
				3B31539B2A20F2480012851F /* SpeechRecognizer.swift in Sources */,
				8925BE992A1CF19D00118B93 /* TranslationManager.swift in Sources */,
				8925BE972A1CF11C00118B93 /* TranslationAPI.swift in Sources */,
				3F820D162A1B9F20009A1E9E /* translateStudyApp.swift in Sources */,
				AE2FD2AC2A1E559C003E40B9 /* LanguagePickerView.swift in Sources */,
				3FEA4CDD2A1FA3B2001A9850 /* ConversationView.swift in Sources */,
				3B31539D2A20F6260012851F /* Recents.swift in Sources */,
				3FEA4CE02A1FA3CB001A9850 /* FavoritesView.swift in Sources */,
			);
			runOnlyForDeploymentPostprocessing = 0;
		};
/* End PBXSourcesBuildPhase section */

/* Begin XCBuildConfiguration section */
		3F820D1E2A1B9F21009A1E9E /* Debug */ = {
			isa = XCBuildConfiguration;
			buildSettings = {
				ALWAYS_SEARCH_USER_PATHS = NO;
				CLANG_ANALYZER_NONNULL = YES;
				CLANG_ANALYZER_NUMBER_OBJECT_CONVERSION = YES_AGGRESSIVE;
				CLANG_CXX_LANGUAGE_STANDARD = "gnu++20";
				CLANG_ENABLE_MODULES = YES;
				CLANG_ENABLE_OBJC_ARC = YES;
				CLANG_ENABLE_OBJC_WEAK = YES;
				CLANG_WARN_BLOCK_CAPTURE_AUTORELEASING = YES;
				CLANG_WARN_BOOL_CONVERSION = YES;
				CLANG_WARN_COMMA = YES;
				CLANG_WARN_CONSTANT_CONVERSION = YES;
				CLANG_WARN_DEPRECATED_OBJC_IMPLEMENTATIONS = YES;
				CLANG_WARN_DIRECT_OBJC_ISA_USAGE = YES_ERROR;
				CLANG_WARN_DOCUMENTATION_COMMENTS = YES;
				CLANG_WARN_EMPTY_BODY = YES;
				CLANG_WARN_ENUM_CONVERSION = YES;
				CLANG_WARN_INFINITE_RECURSION = YES;
				CLANG_WARN_INT_CONVERSION = YES;
				CLANG_WARN_NON_LITERAL_NULL_CONVERSION = YES;
				CLANG_WARN_OBJC_IMPLICIT_RETAIN_SELF = YES;
				CLANG_WARN_OBJC_LITERAL_CONVERSION = YES;
				CLANG_WARN_OBJC_ROOT_CLASS = YES_ERROR;
				CLANG_WARN_QUOTED_INCLUDE_IN_FRAMEWORK_HEADER = YES;
				CLANG_WARN_RANGE_LOOP_ANALYSIS = YES;
				CLANG_WARN_STRICT_PROTOTYPES = YES;
				CLANG_WARN_SUSPICIOUS_MOVE = YES;
				CLANG_WARN_UNGUARDED_AVAILABILITY = YES_AGGRESSIVE;
				CLANG_WARN_UNREACHABLE_CODE = YES;
				CLANG_WARN__DUPLICATE_METHOD_MATCH = YES;
				COPY_PHASE_STRIP = NO;
				DEBUG_INFORMATION_FORMAT = dwarf;
				ENABLE_STRICT_OBJC_MSGSEND = YES;
				ENABLE_TESTABILITY = YES;
				GCC_C_LANGUAGE_STANDARD = gnu11;
				GCC_DYNAMIC_NO_PIC = NO;
				GCC_NO_COMMON_BLOCKS = YES;
				GCC_OPTIMIZATION_LEVEL = 0;
				GCC_PREPROCESSOR_DEFINITIONS = (
					"DEBUG=1",
					"$(inherited)",
				);
				GCC_WARN_64_TO_32_BIT_CONVERSION = YES;
				GCC_WARN_ABOUT_RETURN_TYPE = YES_ERROR;
				GCC_WARN_UNDECLARED_SELECTOR = YES;
				GCC_WARN_UNINITIALIZED_AUTOS = YES_AGGRESSIVE;
				GCC_WARN_UNUSED_FUNCTION = YES;
				GCC_WARN_UNUSED_VARIABLE = YES;
				IPHONEOS_DEPLOYMENT_TARGET = 16.2;
				MTL_ENABLE_DEBUG_INFO = INCLUDE_SOURCE;
				MTL_FAST_MATH = YES;
				ONLY_ACTIVE_ARCH = YES;
				SDKROOT = iphoneos;
				SWIFT_ACTIVE_COMPILATION_CONDITIONS = DEBUG;
				SWIFT_OPTIMIZATION_LEVEL = "-Onone";
			};
			name = Debug;
		};
		3F820D1F2A1B9F21009A1E9E /* Release */ = {
			isa = XCBuildConfiguration;
			buildSettings = {
				ALWAYS_SEARCH_USER_PATHS = NO;
				CLANG_ANALYZER_NONNULL = YES;
				CLANG_ANALYZER_NUMBER_OBJECT_CONVERSION = YES_AGGRESSIVE;
				CLANG_CXX_LANGUAGE_STANDARD = "gnu++20";
				CLANG_ENABLE_MODULES = YES;
				CLANG_ENABLE_OBJC_ARC = YES;
				CLANG_ENABLE_OBJC_WEAK = YES;
				CLANG_WARN_BLOCK_CAPTURE_AUTORELEASING = YES;
				CLANG_WARN_BOOL_CONVERSION = YES;
				CLANG_WARN_COMMA = YES;
				CLANG_WARN_CONSTANT_CONVERSION = YES;
				CLANG_WARN_DEPRECATED_OBJC_IMPLEMENTATIONS = YES;
				CLANG_WARN_DIRECT_OBJC_ISA_USAGE = YES_ERROR;
				CLANG_WARN_DOCUMENTATION_COMMENTS = YES;
				CLANG_WARN_EMPTY_BODY = YES;
				CLANG_WARN_ENUM_CONVERSION = YES;
				CLANG_WARN_INFINITE_RECURSION = YES;
				CLANG_WARN_INT_CONVERSION = YES;
				CLANG_WARN_NON_LITERAL_NULL_CONVERSION = YES;
				CLANG_WARN_OBJC_IMPLICIT_RETAIN_SELF = YES;
				CLANG_WARN_OBJC_LITERAL_CONVERSION = YES;
				CLANG_WARN_OBJC_ROOT_CLASS = YES_ERROR;
				CLANG_WARN_QUOTED_INCLUDE_IN_FRAMEWORK_HEADER = YES;
				CLANG_WARN_RANGE_LOOP_ANALYSIS = YES;
				CLANG_WARN_STRICT_PROTOTYPES = YES;
				CLANG_WARN_SUSPICIOUS_MOVE = YES;
				CLANG_WARN_UNGUARDED_AVAILABILITY = YES_AGGRESSIVE;
				CLANG_WARN_UNREACHABLE_CODE = YES;
				CLANG_WARN__DUPLICATE_METHOD_MATCH = YES;
				COPY_PHASE_STRIP = NO;
				DEBUG_INFORMATION_FORMAT = "dwarf-with-dsym";
				ENABLE_NS_ASSERTIONS = NO;
				ENABLE_STRICT_OBJC_MSGSEND = YES;
				GCC_C_LANGUAGE_STANDARD = gnu11;
				GCC_NO_COMMON_BLOCKS = YES;
				GCC_WARN_64_TO_32_BIT_CONVERSION = YES;
				GCC_WARN_ABOUT_RETURN_TYPE = YES_ERROR;
				GCC_WARN_UNDECLARED_SELECTOR = YES;
				GCC_WARN_UNINITIALIZED_AUTOS = YES_AGGRESSIVE;
				GCC_WARN_UNUSED_FUNCTION = YES;
				GCC_WARN_UNUSED_VARIABLE = YES;
				IPHONEOS_DEPLOYMENT_TARGET = 16.2;
				MTL_ENABLE_DEBUG_INFO = NO;
				MTL_FAST_MATH = YES;
				SDKROOT = iphoneos;
				SWIFT_COMPILATION_MODE = wholemodule;
				SWIFT_OPTIMIZATION_LEVEL = "-O";
				VALIDATE_PRODUCT = YES;
			};
			name = Release;
		};
		3F820D212A1B9F21009A1E9E /* Debug */ = {
			isa = XCBuildConfiguration;
			buildSettings = {
				ASSETCATALOG_COMPILER_APPICON_NAME = AppIcon;
				ASSETCATALOG_COMPILER_GLOBAL_ACCENT_COLOR_NAME = AccentColor;
				CODE_SIGN_STYLE = Automatic;
				CURRENT_PROJECT_VERSION = 1;
				DEVELOPMENT_ASSET_PATHS = "\"translateStudy/Preview Content\"";
				DEVELOPMENT_TEAM = G4C5799RK5;
				ENABLE_PREVIEWS = YES;
				GENERATE_INFOPLIST_FILE = YES;
				INFOPLIST_KEY_NSMicrophoneUsageDescription = "ta gravando blz?";
				INFOPLIST_KEY_NSSpeechRecognitionUsageDescription = "ta usando blz?";
				INFOPLIST_KEY_UIApplicationSceneManifest_Generation = YES;
				INFOPLIST_KEY_UIApplicationSupportsIndirectInputEvents = YES;
				INFOPLIST_KEY_UILaunchScreen_Generation = YES;
				INFOPLIST_KEY_UISupportedInterfaceOrientations_iPad = "UIInterfaceOrientationPortrait UIInterfaceOrientationPortraitUpsideDown UIInterfaceOrientationLandscapeLeft UIInterfaceOrientationLandscapeRight";
				INFOPLIST_KEY_UISupportedInterfaceOrientations_iPhone = "UIInterfaceOrientationPortrait UIInterfaceOrientationLandscapeLeft UIInterfaceOrientationLandscapeRight";
				LD_RUNPATH_SEARCH_PATHS = (
					"$(inherited)",
					"@executable_path/Frameworks",
				);
				MARKETING_VERSION = 1.0;
				PRODUCT_BUNDLE_IDENTIFIER = com.sil.translateStudy;
				PRODUCT_NAME = "$(TARGET_NAME)";
				SWIFT_EMIT_LOC_STRINGS = YES;
				SWIFT_VERSION = 5.0;
				TARGETED_DEVICE_FAMILY = "1,2";
			};
			name = Debug;
		};
		3F820D222A1B9F21009A1E9E /* Release */ = {
			isa = XCBuildConfiguration;
			buildSettings = {
				ASSETCATALOG_COMPILER_APPICON_NAME = AppIcon;
				ASSETCATALOG_COMPILER_GLOBAL_ACCENT_COLOR_NAME = AccentColor;
				CODE_SIGN_STYLE = Automatic;
				CURRENT_PROJECT_VERSION = 1;
				DEVELOPMENT_ASSET_PATHS = "\"translateStudy/Preview Content\"";
				DEVELOPMENT_TEAM = G4C5799RK5;
				ENABLE_PREVIEWS = YES;
				GENERATE_INFOPLIST_FILE = YES;
				INFOPLIST_KEY_NSMicrophoneUsageDescription = "ta gravando blz?";
				INFOPLIST_KEY_NSSpeechRecognitionUsageDescription = "ta usando blz?";
				INFOPLIST_KEY_UIApplicationSceneManifest_Generation = YES;
				INFOPLIST_KEY_UIApplicationSupportsIndirectInputEvents = YES;
				INFOPLIST_KEY_UILaunchScreen_Generation = YES;
				INFOPLIST_KEY_UISupportedInterfaceOrientations_iPad = "UIInterfaceOrientationPortrait UIInterfaceOrientationPortraitUpsideDown UIInterfaceOrientationLandscapeLeft UIInterfaceOrientationLandscapeRight";
				INFOPLIST_KEY_UISupportedInterfaceOrientations_iPhone = "UIInterfaceOrientationPortrait UIInterfaceOrientationLandscapeLeft UIInterfaceOrientationLandscapeRight";
				LD_RUNPATH_SEARCH_PATHS = (
					"$(inherited)",
					"@executable_path/Frameworks",
				);
				MARKETING_VERSION = 1.0;
				PRODUCT_BUNDLE_IDENTIFIER = com.sil.translateStudy;
				PRODUCT_NAME = "$(TARGET_NAME)";
				SWIFT_EMIT_LOC_STRINGS = YES;
				SWIFT_VERSION = 5.0;
				TARGETED_DEVICE_FAMILY = "1,2";
			};
			name = Release;
		};
/* End XCBuildConfiguration section */

/* Begin XCConfigurationList section */
		3F820D0D2A1B9F20009A1E9E /* Build configuration list for PBXProject "translateStudy" */ = {
			isa = XCConfigurationList;
			buildConfigurations = (
				3F820D1E2A1B9F21009A1E9E /* Debug */,
				3F820D1F2A1B9F21009A1E9E /* Release */,
			);
			defaultConfigurationIsVisible = 0;
			defaultConfigurationName = Release;
		};
		3F820D202A1B9F21009A1E9E /* Build configuration list for PBXNativeTarget "translateStudy" */ = {
			isa = XCConfigurationList;
			buildConfigurations = (
				3F820D212A1B9F21009A1E9E /* Debug */,
				3F820D222A1B9F21009A1E9E /* Release */,
			);
			defaultConfigurationIsVisible = 0;
			defaultConfigurationName = Release;
		};
/* End XCConfigurationList section */
	};
	rootObject = 3F820D0A2A1B9F20009A1E9E /* Project object */;
}
